
Microsoft Visual Studio Solution File, Format Version 12.00
# Visual Studio 14
VisualStudioVersion = 14.0.23107.0
MinimumVisualStudioVersion = 10.0.40219.1
Project("{FAE04EC0-301F-11D3-BF4B-00C04F79EFBC}") = "test1", "test1\test1.csproj", "{71A79D98-D516-4406-A7ED-09540FC81A8D}"
EndProject
Project("{FAE04EC0-301F-11D3-BF4B-00C04F79EFBC}") = "h-slide-box", "test2\h-slide-box.csproj", "{84D68793-C574-4303-AB13-D27156D232CD}"
EndProject
Project("{FAE04EC0-301F-11D3-BF4B-00C04F79EFBC}") = "test3", "test3\test3.csproj", "{8B80DE87-65B4-4815-9C5B-6E48F7CCC808}"
EndProject
Project("{FAE04EC0-301F-11D3-BF4B-00C04F79EFBC}") = "test4", "test4\test4.csproj", "{43D6D114-FBC4-4F16-A8F1-E93325EF5196}"
EndProject
Project("{FAE04EC0-301F-11D3-BF4B-00C04F79EFBC}") = "homework1", "homework1\homework1.csproj", "{8E70C5E4-CAF1-4B7F-B316-1DF6278FD7B5}"
EndProject
Project("{FAE04EC0-301F-11D3-BF4B-00C04F79EFBC}") = "homework2", "homework2\homework2.csproj", "{06E9CC7B-8287-4B2D-A227-99BEC41CE962}"
EndProject
Project("{FAE04EC0-301F-11D3-BF4B-00C04F79EFBC}") = "test5-ui", "test5-ui\test5-ui.csproj", "{E0656C8F-6E35-4466-B5D6-FFCBA7A7A31B}"
EndProject
Project("{FAE04EC0-301F-11D3-BF4B-00C04F79EFBC}") = "test6-ui", "test6-ui\test6-ui.csproj", "{582608CA-82D8-4BBF-9B07-5E86C2923548}"
EndProject
Project("{FAE04EC0-301F-11D3-BF4B-00C04F79EFBC}") = "dataBind-car", "dataBind-car\dataBind-car.csproj", "{E581D156-EA01-474E-863A-7D8F7BF9C531}"
EndProject
Project("{FAE04EC0-301F-11D3-BF4B-00C04F79EFBC}") = "DataBoundApp1", "DataBoundApp1\DataBoundApp1.csproj", "{F6217F30-E0FC-427E-A5F2-67C2EA20E461}"
EndProject
Project("{FAE04EC0-301F-11D3-BF4B-00C04F79EFBC}") = "dataBind-PlanList", "dataBind-PlanList\dataBind-PlanList.csproj", "{B538A13B-B72B-4E70-9ED4-135A7854A8BF}"
EndProject
Project("{FAE04EC0-301F-11D3-BF4B-00C04F79EFBC}") = "weather", "weather\weather.csproj", "{F98D401A-0EA2-4241-A9B0-1D5886B931DD}"
EndProject
Project("{FAE04EC0-301F-11D3-BF4B-00C04F79EFBC}") = "json", "json\json.csproj", "{510B105B-DFE4-40CC-8495-AC82C80C1B79}"
EndProject
Project("{FAE04EC0-301F-11D3-BF4B-00C04F79EFBC}") = "myFilpView", "myFilpView\myFilpView.csproj", "{807E7A44-B1F3-4043-9728-F612448A55D3}"
EndProject
Project("{FAE04EC0-301F-11D3-BF4B-00C04F79EFBC}") = "uwp_demo", "uwp_demo\uwp_demo.csproj", "{A398E7FF-CE32-40F0-AC12-FC9C9353F86B}"
EndProject
Global
	GlobalSection(SolutionConfigurationPlatforms) = preSolution
		Debug|Any CPU = Debug|Any CPU
		Debug|ARM = Debug|ARM
		Debug|x64 = Debug|x64
		Debug|x86 = Debug|x86
		Release|Any CPU = Release|Any CPU
		Release|ARM = Release|ARM
		Release|x64 = Release|x64
		Release|x86 = Release|x86
	EndGlobalSection
	GlobalSection(ProjectConfigurationPlatforms) = postSolution
		{71A79D98-D516-4406-A7ED-09540FC81A8D}.Debug|Any CPU.ActiveCfg = Debug|Any CPU
		{71A79D98-D516-4406-A7ED-09540FC81A8D}.Debug|Any CPU.Build.0 = Debug|Any CPU
		{71A79D98-D516-4406-A7ED-09540FC81A8D}.Debug|Any CPU.Deploy.0 = Debug|Any CPU
		{71A79D98-D516-4406-A7ED-09540FC81A8D}.Debug|ARM.ActiveCfg = Debug|ARM
		{71A79D98-D516-4406-A7ED-09540FC81A8D}.Debug|ARM.Build.0 = Debug|ARM
		{71A79D98-D516-4406-A7ED-09540FC81A8D}.Debug|ARM.Deploy.0 = Debug|ARM
		{71A79D98-D516-4406-A7ED-09540FC81A8D}.Debug|x64.ActiveCfg = Debug|Any CPU
		{71A79D98-D516-4406-A7ED-09540FC81A8D}.Debug|x64.Build.0 = Debug|Any CPU
		{71A79D98-D516-4406-A7ED-09540FC81A8D}.Debug|x64.Deploy.0 = Debug|Any CPU
		{71A79D98-D516-4406-A7ED-09540FC81A8D}.Debug|x86.ActiveCfg = Debug|x86
		{71A79D98-D516-4406-A7ED-09540FC81A8D}.Debug|x86.Build.0 = Debug|x86
		{71A79D98-D516-4406-A7ED-09540FC81A8D}.Debug|x86.Deploy.0 = Debug|x86
		{71A79D98-D516-4406-A7ED-09540FC81A8D}.Release|Any CPU.ActiveCfg = Release|Any CPU
		{71A79D98-D516-4406-A7ED-09540FC81A8D}.Release|Any CPU.Build.0 = Release|Any CPU
		{71A79D98-D516-4406-A7ED-09540FC81A8D}.Release|Any CPU.Deploy.0 = Release|Any CPU
		{71A79D98-D516-4406-A7ED-09540FC81A8D}.Release|ARM.ActiveCfg = Release|ARM
		{71A79D98-D516-4406-A7ED-09540FC81A8D}.Release|ARM.Build.0 = Release|ARM
		{71A79D98-D516-4406-A7ED-09540FC81A8D}.Release|ARM.Deploy.0 = Release|ARM
		{71A79D98-D516-4406-A7ED-09540FC81A8D}.Release|x64.ActiveCfg = Release|Any CPU
		{71A79D98-D516-4406-A7ED-09540FC81A8D}.Release|x64.Build.0 = Release|Any CPU
		{71A79D98-D516-4406-A7ED-09540FC81A8D}.Release|x64.Deploy.0 = Release|Any CPU
		{71A79D98-D516-4406-A7ED-09540FC81A8D}.Release|x86.ActiveCfg = Release|x86
		{71A79D98-D516-4406-A7ED-09540FC81A8D}.Release|x86.Build.0 = Release|x86
		{71A79D98-D516-4406-A7ED-09540FC81A8D}.Release|x86.Deploy.0 = Release|x86
		{84D68793-C574-4303-AB13-D27156D232CD}.Debug|Any CPU.ActiveCfg = Debug|Any CPU
		{84D68793-C574-4303-AB13-D27156D232CD}.Debug|Any CPU.Build.0 = Debug|Any CPU
		{84D68793-C574-4303-AB13-D27156D232CD}.Debug|Any CPU.Deploy.0 = Debug|Any CPU
		{84D68793-C574-4303-AB13-D27156D232CD}.Debug|ARM.ActiveCfg = Debug|ARM
		{84D68793-C574-4303-AB13-D27156D232CD}.Debug|ARM.Build.0 = Debug|ARM
		{84D68793-C574-4303-AB13-D27156D232CD}.Debug|ARM.Deploy.0 = Debug|ARM
		{84D68793-C574-4303-AB13-D27156D232CD}.Debug|x64.ActiveCfg = Debug|Any CPU
		{84D68793-C574-4303-AB13-D27156D232CD}.Debug|x64.Build.0 = Debug|Any CPU
		{84D68793-C574-4303-AB13-D27156D232CD}.Debug|x64.Deploy.0 = Debug|Any CPU
		{84D68793-C574-4303-AB13-D27156D232CD}.Debug|x86.ActiveCfg = Debug|x86
		{84D68793-C574-4303-AB13-D27156D232CD}.Debug|x86.Build.0 = Debug|x86
		{84D68793-C574-4303-AB13-D27156D232CD}.Debug|x86.Deploy.0 = Debug|x86
		{84D68793-C574-4303-AB13-D27156D232CD}.Release|Any CPU.ActiveCfg = Release|Any CPU
		{84D68793-C574-4303-AB13-D27156D232CD}.Release|Any CPU.Build.0 = Release|Any CPU
		{84D68793-C574-4303-AB13-D27156D232CD}.Release|Any CPU.Deploy.0 = Release|Any CPU
		{84D68793-C574-4303-AB13-D27156D232CD}.Release|ARM.ActiveCfg = Release|ARM
		{84D68793-C574-4303-AB13-D27156D232CD}.Release|ARM.Build.0 = Release|ARM
		{84D68793-C574-4303-AB13-D27156D232CD}.Release|ARM.Deploy.0 = Release|ARM
		{84D68793-C574-4303-AB13-D27156D232CD}.Release|x64.ActiveCfg = Release|Any CPU
		{84D68793-C574-4303-AB13-D27156D232CD}.Release|x64.Build.0 = Release|Any CPU
		{84D68793-C574-4303-AB13-D27156D232CD}.Release|x64.Deploy.0 = Release|Any CPU
		{84D68793-C574-4303-AB13-D27156D232CD}.Release|x86.ActiveCfg = Release|x86
		{84D68793-C574-4303-AB13-D27156D232CD}.Release|x86.Build.0 = Release|x86
		{84D68793-C574-4303-AB13-D27156D232CD}.Release|x86.Deploy.0 = Release|x86
		{8B80DE87-65B4-4815-9C5B-6E48F7CCC808}.Debug|Any CPU.ActiveCfg = Debug|Any CPU
		{8B80DE87-65B4-4815-9C5B-6E48F7CCC808}.Debug|Any CPU.Build.0 = Debug|Any CPU
		{8B80DE87-65B4-4815-9C5B-6E48F7CCC808}.Debug|Any CPU.Deploy.0 = Debug|Any CPU
		{8B80DE87-65B4-4815-9C5B-6E48F7CCC808}.Debug|ARM.ActiveCfg = Debug|ARM
		{8B80DE87-65B4-4815-9C5B-6E48F7CCC808}.Debug|ARM.Build.0 = Debug|ARM
		{8B80DE87-65B4-4815-9C5B-6E48F7CCC808}.Debug|ARM.Deploy.0 = Debug|ARM
		{8B80DE87-65B4-4815-9C5B-6E48F7CCC808}.Debug|x64.ActiveCfg = Debug|Any CPU
		{8B80DE87-65B4-4815-9C5B-6E48F7CCC808}.Debug|x64.Build.0 = Debug|Any CPU
		{8B80DE87-65B4-4815-9C5B-6E48F7CCC808}.Debug|x64.Deploy.0 = Debug|Any CPU
		{8B80DE87-65B4-4815-9C5B-6E48F7CCC808}.Debug|x86.ActiveCfg = Debug|x86
		{8B80DE87-65B4-4815-9C5B-6E48F7CCC808}.Debug|x86.Build.0 = Debug|x86
		{8B80DE87-65B4-4815-9C5B-6E48F7CCC808}.Debug|x86.Deploy.0 = Debug|x86
		{8B80DE87-65B4-4815-9C5B-6E48F7CCC808}.Release|Any CPU.ActiveCfg = Release|Any CPU
		{8B80DE87-65B4-4815-9C5B-6E48F7CCC808}.Release|Any CPU.Build.0 = Release|Any CPU
		{8B80DE87-65B4-4815-9C5B-6E48F7CCC808}.Release|Any CPU.Deploy.0 = Release|Any CPU
		{8B80DE87-65B4-4815-9C5B-6E48F7CCC808}.Release|ARM.ActiveCfg = Release|ARM
		{8B80DE87-65B4-4815-9C5B-6E48F7CCC808}.Release|ARM.Build.0 = Release|ARM
		{8B80DE87-65B4-4815-9C5B-6E48F7CCC808}.Release|ARM.Deploy.0 = Release|ARM
		{8B80DE87-65B4-4815-9C5B-6E48F7CCC808}.Release|x64.ActiveCfg = Release|Any CPU
		{8B80DE87-65B4-4815-9C5B-6E48F7CCC808}.Release|x64.Build.0 = Release|Any CPU
		{8B80DE87-65B4-4815-9C5B-6E48F7CCC808}.Release|x64.Deploy.0 = Release|Any CPU
		{8B80DE87-65B4-4815-9C5B-6E48F7CCC808}.Release|x86.ActiveCfg = Release|x86
		{8B80DE87-65B4-4815-9C5B-6E48F7CCC808}.Release|x86.Build.0 = Release|x86
		{8B80DE87-65B4-4815-9C5B-6E48F7CCC808}.Release|x86.Deploy.0 = Release|x86
		{43D6D114-FBC4-4F16-A8F1-E93325EF5196}.Debug|Any CPU.ActiveCfg = Debug|Any CPU
		{43D6D114-FBC4-4F16-A8F1-E93325EF5196}.Debug|Any CPU.Build.0 = Debug|Any CPU
		{43D6D114-FBC4-4F16-A8F1-E93325EF5196}.Debug|Any CPU.Deploy.0 = Debug|Any CPU
		{43D6D114-FBC4-4F16-A8F1-E93325EF5196}.Debug|ARM.ActiveCfg = Debug|ARM
		{43D6D114-FBC4-4F16-A8F1-E93325EF5196}.Debug|ARM.Build.0 = Debug|ARM
		{43D6D114-FBC4-4F16-A8F1-E93325EF5196}.Debug|ARM.Deploy.0 = Debug|ARM
		{43D6D114-FBC4-4F16-A8F1-E93325EF5196}.Debug|x64.ActiveCfg = Debug|Any CPU
		{43D6D114-FBC4-4F16-A8F1-E93325EF5196}.Debug|x64.Build.0 = Debug|Any CPU
		{43D6D114-FBC4-4F16-A8F1-E93325EF5196}.Debug|x64.Deploy.0 = Debug|Any CPU
		{43D6D114-FBC4-4F16-A8F1-E93325EF5196}.Debug|x86.ActiveCfg = Debug|x86
		{43D6D114-FBC4-4F16-A8F1-E93325EF5196}.Debug|x86.Build.0 = Debug|x86
		{43D6D114-FBC4-4F16-A8F1-E93325EF5196}.Debug|x86.Deploy.0 = Debug|x86
		{43D6D114-FBC4-4F16-A8F1-E93325EF5196}.Release|Any CPU.ActiveCfg = Release|Any CPU
		{43D6D114-FBC4-4F16-A8F1-E93325EF5196}.Release|Any CPU.Build.0 = Release|Any CPU
		{43D6D114-FBC4-4F16-A8F1-E93325EF5196}.Release|Any CPU.Deploy.0 = Release|Any CPU
		{43D6D114-FBC4-4F16-A8F1-E93325EF5196}.Release|ARM.ActiveCfg = Release|ARM
		{43D6D114-FBC4-4F16-A8F1-E93325EF5196}.Release|ARM.Build.0 = Release|ARM
		{43D6D114-FBC4-4F16-A8F1-E93325EF5196}.Release|ARM.Deploy.0 = Release|ARM
		{43D6D114-FBC4-4F16-A8F1-E93325EF5196}.Release|x64.ActiveCfg = Release|Any CPU
		{43D6D114-FBC4-4F16-A8F1-E93325EF5196}.Release|x64.Build.0 = Release|Any CPU
		{43D6D114-FBC4-4F16-A8F1-E93325EF5196}.Release|x64.Deploy.0 = Release|Any CPU
		{43D6D114-FBC4-4F16-A8F1-E93325EF5196}.Release|x86.ActiveCfg = Release|x86
		{43D6D114-FBC4-4F16-A8F1-E93325EF5196}.Release|x86.Build.0 = Release|x86
		{43D6D114-FBC4-4F16-A8F1-E93325EF5196}.Release|x86.Deploy.0 = Release|x86
		{8E70C5E4-CAF1-4B7F-B316-1DF6278FD7B5}.Debug|Any CPU.ActiveCfg = Debug|Any CPU
		{8E70C5E4-CAF1-4B7F-B316-1DF6278FD7B5}.Debug|Any CPU.Build.0 = Debug|Any CPU
		{8E70C5E4-CAF1-4B7F-B316-1DF6278FD7B5}.Debug|Any CPU.Deploy.0 = Debug|Any CPU
		{8E70C5E4-CAF1-4B7F-B316-1DF6278FD7B5}.Debug|ARM.ActiveCfg = Debug|ARM
		{8E70C5E4-CAF1-4B7F-B316-1DF6278FD7B5}.Debug|ARM.Build.0 = Debug|ARM
		{8E70C5E4-CAF1-4B7F-B316-1DF6278FD7B5}.Debug|ARM.Deploy.0 = Debug|ARM
		{8E70C5E4-CAF1-4B7F-B316-1DF6278FD7B5}.Debug|x64.ActiveCfg = Debug|Any CPU
		{8E70C5E4-CAF1-4B7F-B316-1DF6278FD7B5}.Debug|x64.Build.0 = Debug|Any CPU
		{8E70C5E4-CAF1-4B7F-B316-1DF6278FD7B5}.Debug|x64.Deploy.0 = Debug|Any CPU
		{8E70C5E4-CAF1-4B7F-B316-1DF6278FD7B5}.Debug|x86.ActiveCfg = Debug|x86
		{8E70C5E4-CAF1-4B7F-B316-1DF6278FD7B5}.Debug|x86.Build.0 = Debug|x86
		{8E70C5E4-CAF1-4B7F-B316-1DF6278FD7B5}.Debug|x86.Deploy.0 = Debug|x86
		{8E70C5E4-CAF1-4B7F-B316-1DF6278FD7B5}.Release|Any CPU.ActiveCfg = Release|Any CPU
		{8E70C5E4-CAF1-4B7F-B316-1DF6278FD7B5}.Release|Any CPU.Build.0 = Release|Any CPU
		{8E70C5E4-CAF1-4B7F-B316-1DF6278FD7B5}.Release|Any CPU.Deploy.0 = Release|Any CPU
		{8E70C5E4-CAF1-4B7F-B316-1DF6278FD7B5}.Release|ARM.ActiveCfg = Release|ARM
		{8E70C5E4-CAF1-4B7F-B316-1DF6278FD7B5}.Release|ARM.Build.0 = Release|ARM
		{8E70C5E4-CAF1-4B7F-B316-1DF6278FD7B5}.Release|ARM.Deploy.0 = Release|ARM
		{8E70C5E4-CAF1-4B7F-B316-1DF6278FD7B5}.Release|x64.ActiveCfg = Release|Any CPU
		{8E70C5E4-CAF1-4B7F-B316-1DF6278FD7B5}.Release|x64.Build.0 = Release|Any CPU
		{8E70C5E4-CAF1-4B7F-B316-1DF6278FD7B5}.Release|x64.Deploy.0 = Release|Any CPU
		{8E70C5E4-CAF1-4B7F-B316-1DF6278FD7B5}.Release|x86.ActiveCfg = Release|x86
		{8E70C5E4-CAF1-4B7F-B316-1DF6278FD7B5}.Release|x86.Build.0 = Release|x86
		{8E70C5E4-CAF1-4B7F-B316-1DF6278FD7B5}.Release|x86.Deploy.0 = Release|x86
		{06E9CC7B-8287-4B2D-A227-99BEC41CE962}.Debug|Any CPU.ActiveCfg = Debug|Any CPU
		{06E9CC7B-8287-4B2D-A227-99BEC41CE962}.Debug|Any CPU.Build.0 = Debug|Any CPU
		{06E9CC7B-8287-4B2D-A227-99BEC41CE962}.Debug|Any CPU.Deploy.0 = Debug|Any CPU
		{06E9CC7B-8287-4B2D-A227-99BEC41CE962}.Debug|ARM.ActiveCfg = Debug|ARM
		{06E9CC7B-8287-4B2D-A227-99BEC41CE962}.Debug|ARM.Build.0 = Debug|ARM
		{06E9CC7B-8287-4B2D-A227-99BEC41CE962}.Debug|ARM.Deploy.0 = Debug|ARM
		{06E9CC7B-8287-4B2D-A227-99BEC41CE962}.Debug|x64.ActiveCfg = Debug|Any CPU
		{06E9CC7B-8287-4B2D-A227-99BEC41CE962}.Debug|x64.Build.0 = Debug|Any CPU
		{06E9CC7B-8287-4B2D-A227-99BEC41CE962}.Debug|x64.Deploy.0 = Debug|Any CPU
		{06E9CC7B-8287-4B2D-A227-99BEC41CE962}.Debug|x86.ActiveCfg = Debug|x86
		{06E9CC7B-8287-4B2D-A227-99BEC41CE962}.Debug|x86.Build.0 = Debug|x86
		{06E9CC7B-8287-4B2D-A227-99BEC41CE962}.Debug|x86.Deploy.0 = Debug|x86
		{06E9CC7B-8287-4B2D-A227-99BEC41CE962}.Release|Any CPU.ActiveCfg = Release|Any CPU
		{06E9CC7B-8287-4B2D-A227-99BEC41CE962}.Release|Any CPU.Build.0 = Release|Any CPU
		{06E9CC7B-8287-4B2D-A227-99BEC41CE962}.Release|Any CPU.Deploy.0 = Release|Any CPU
		{06E9CC7B-8287-4B2D-A227-99BEC41CE962}.Release|ARM.ActiveCfg = Release|ARM
		{06E9CC7B-8287-4B2D-A227-99BEC41CE962}.Release|ARM.Build.0 = Release|ARM
		{06E9CC7B-8287-4B2D-A227-99BEC41CE962}.Release|ARM.Deploy.0 = Release|ARM
		{06E9CC7B-8287-4B2D-A227-99BEC41CE962}.Release|x64.ActiveCfg = Release|Any CPU
		{06E9CC7B-8287-4B2D-A227-99BEC41CE962}.Release|x64.Build.0 = Release|Any CPU
		{06E9CC7B-8287-4B2D-A227-99BEC41CE962}.Release|x64.Deploy.0 = Release|Any CPU
		{06E9CC7B-8287-4B2D-A227-99BEC41CE962}.Release|x86.ActiveCfg = Release|x86
		{06E9CC7B-8287-4B2D-A227-99BEC41CE962}.Release|x86.Build.0 = Release|x86
		{06E9CC7B-8287-4B2D-A227-99BEC41CE962}.Release|x86.Deploy.0 = Release|x86
		{E0656C8F-6E35-4466-B5D6-FFCBA7A7A31B}.Debug|Any CPU.ActiveCfg = Debug|Any CPU
		{E0656C8F-6E35-4466-B5D6-FFCBA7A7A31B}.Debug|Any CPU.Build.0 = Debug|Any CPU
		{E0656C8F-6E35-4466-B5D6-FFCBA7A7A31B}.Debug|Any CPU.Deploy.0 = Debug|Any CPU
		{E0656C8F-6E35-4466-B5D6-FFCBA7A7A31B}.Debug|ARM.ActiveCfg = Debug|ARM
		{E0656C8F-6E35-4466-B5D6-FFCBA7A7A31B}.Debug|ARM.Build.0 = Debug|ARM
		{E0656C8F-6E35-4466-B5D6-FFCBA7A7A31B}.Debug|ARM.Deploy.0 = Debug|ARM
		{E0656C8F-6E35-4466-B5D6-FFCBA7A7A31B}.Debug|x64.ActiveCfg = Debug|Any CPU
		{E0656C8F-6E35-4466-B5D6-FFCBA7A7A31B}.Debug|x64.Build.0 = Debug|Any CPU
		{E0656C8F-6E35-4466-B5D6-FFCBA7A7A31B}.Debug|x64.Deploy.0 = Debug|Any CPU
		{E0656C8F-6E35-4466-B5D6-FFCBA7A7A31B}.Debug|x86.ActiveCfg = Debug|x86
		{E0656C8F-6E35-4466-B5D6-FFCBA7A7A31B}.Debug|x86.Build.0 = Debug|x86
		{E0656C8F-6E35-4466-B5D6-FFCBA7A7A31B}.Debug|x86.Deploy.0 = Debug|x86
		{E0656C8F-6E35-4466-B5D6-FFCBA7A7A31B}.Release|Any CPU.ActiveCfg = Release|Any CPU
		{E0656C8F-6E35-4466-B5D6-FFCBA7A7A31B}.Release|Any CPU.Build.0 = Release|Any CPU
		{E0656C8F-6E35-4466-B5D6-FFCBA7A7A31B}.Release|Any CPU.Deploy.0 = Release|Any CPU
		{E0656C8F-6E35-4466-B5D6-FFCBA7A7A31B}.Release|ARM.ActiveCfg = Release|ARM
		{E0656C8F-6E35-4466-B5D6-FFCBA7A7A31B}.Release|ARM.Build.0 = Release|ARM
		{E0656C8F-6E35-4466-B5D6-FFCBA7A7A31B}.Release|ARM.Deploy.0 = Release|ARM
		{E0656C8F-6E35-4466-B5D6-FFCBA7A7A31B}.Release|x64.ActiveCfg = Release|Any CPU
		{E0656C8F-6E35-4466-B5D6-FFCBA7A7A31B}.Release|x64.Build.0 = Release|Any CPU
		{E0656C8F-6E35-4466-B5D6-FFCBA7A7A31B}.Release|x64.Deploy.0 = Release|Any CPU
		{E0656C8F-6E35-4466-B5D6-FFCBA7A7A31B}.Release|x86.ActiveCfg = Release|x86
		{E0656C8F-6E35-4466-B5D6-FFCBA7A7A31B}.Release|x86.Build.0 = Release|x86
		{E0656C8F-6E35-4466-B5D6-FFCBA7A7A31B}.Release|x86.Deploy.0 = Release|x86
		{582608CA-82D8-4BBF-9B07-5E86C2923548}.Debug|Any CPU.ActiveCfg = Debug|Any CPU
		{582608CA-82D8-4BBF-9B07-5E86C2923548}.Debug|Any CPU.Build.0 = Debug|Any CPU
		{582608CA-82D8-4BBF-9B07-5E86C2923548}.Debug|Any CPU.Deploy.0 = Debug|Any CPU
		{582608CA-82D8-4BBF-9B07-5E86C2923548}.Debug|ARM.ActiveCfg = Debug|ARM
		{582608CA-82D8-4BBF-9B07-5E86C2923548}.Debug|ARM.Build.0 = Debug|ARM
		{582608CA-82D8-4BBF-9B07-5E86C2923548}.Debug|ARM.Deploy.0 = Debug|ARM
		{582608CA-82D8-4BBF-9B07-5E86C2923548}.Debug|x64.ActiveCfg = Debug|Any CPU
		{582608CA-82D8-4BBF-9B07-5E86C2923548}.Debug|x64.Build.0 = Debug|Any CPU
		{582608CA-82D8-4BBF-9B07-5E86C2923548}.Debug|x64.Deploy.0 = Debug|Any CPU
		{582608CA-82D8-4BBF-9B07-5E86C2923548}.Debug|x86.ActiveCfg = Debug|x86
		{582608CA-82D8-4BBF-9B07-5E86C2923548}.Debug|x86.Build.0 = Debug|x86
		{582608CA-82D8-4BBF-9B07-5E86C2923548}.Debug|x86.Deploy.0 = Debug|x86
		{582608CA-82D8-4BBF-9B07-5E86C2923548}.Release|Any CPU.ActiveCfg = Release|Any CPU
		{582608CA-82D8-4BBF-9B07-5E86C2923548}.Release|Any CPU.Build.0 = Release|Any CPU
		{582608CA-82D8-4BBF-9B07-5E86C2923548}.Release|Any CPU.Deploy.0 = Release|Any CPU
		{582608CA-82D8-4BBF-9B07-5E86C2923548}.Release|ARM.ActiveCfg = Release|ARM
		{582608CA-82D8-4BBF-9B07-5E86C2923548}.Release|ARM.Build.0 = Release|ARM
		{582608CA-82D8-4BBF-9B07-5E86C2923548}.Release|ARM.Deploy.0 = Release|ARM
		{582608CA-82D8-4BBF-9B07-5E86C2923548}.Release|x64.ActiveCfg = Release|Any CPU
		{582608CA-82D8-4BBF-9B07-5E86C2923548}.Release|x64.Build.0 = Release|Any CPU
		{582608CA-82D8-4BBF-9B07-5E86C2923548}.Release|x64.Deploy.0 = Release|Any CPU
		{582608CA-82D8-4BBF-9B07-5E86C2923548}.Release|x86.ActiveCfg = Release|x86
		{582608CA-82D8-4BBF-9B07-5E86C2923548}.Release|x86.Build.0 = Release|x86
		{582608CA-82D8-4BBF-9B07-5E86C2923548}.Release|x86.Deploy.0 = Release|x86
		{E581D156-EA01-474E-863A-7D8F7BF9C531}.Debug|Any CPU.ActiveCfg = Debug|Any CPU
		{E581D156-EA01-474E-863A-7D8F7BF9C531}.Debug|Any CPU.Build.0 = Debug|Any CPU
		{E581D156-EA01-474E-863A-7D8F7BF9C531}.Debug|Any CPU.Deploy.0 = Debug|Any CPU
		{E581D156-EA01-474E-863A-7D8F7BF9C531}.Debug|ARM.ActiveCfg = Debug|ARM
		{E581D156-EA01-474E-863A-7D8F7BF9C531}.Debug|ARM.Build.0 = Debug|ARM
		{E581D156-EA01-474E-863A-7D8F7BF9C531}.Debug|ARM.Deploy.0 = Debug|ARM
		{E581D156-EA01-474E-863A-7D8F7BF9C531}.Debug|x64.ActiveCfg = Debug|Any CPU
		{E581D156-EA01-474E-863A-7D8F7BF9C531}.Debug|x64.Build.0 = Debug|Any CPU
		{E581D156-EA01-474E-863A-7D8F7BF9C531}.Debug|x64.Deploy.0 = Debug|Any CPU
		{E581D156-EA01-474E-863A-7D8F7BF9C531}.Debug|x86.ActiveCfg = Debug|x86
		{E581D156-EA01-474E-863A-7D8F7BF9C531}.Debug|x86.Build.0 = Debug|x86
		{E581D156-EA01-474E-863A-7D8F7BF9C531}.Debug|x86.Deploy.0 = Debug|x86
		{E581D156-EA01-474E-863A-7D8F7BF9C531}.Release|Any CPU.ActiveCfg = Release|Any CPU
		{E581D156-EA01-474E-863A-7D8F7BF9C531}.Release|Any CPU.Build.0 = Release|Any CPU
		{E581D156-EA01-474E-863A-7D8F7BF9C531}.Release|Any CPU.Deploy.0 = Release|Any CPU
		{E581D156-EA01-474E-863A-7D8F7BF9C531}.Release|ARM.ActiveCfg = Release|ARM
		{E581D156-EA01-474E-863A-7D8F7BF9C531}.Release|ARM.Build.0 = Release|ARM
		{E581D156-EA01-474E-863A-7D8F7BF9C531}.Release|ARM.Deploy.0 = Release|ARM
		{E581D156-EA01-474E-863A-7D8F7BF9C531}.Release|x64.ActiveCfg = Release|Any CPU
		{E581D156-EA01-474E-863A-7D8F7BF9C531}.Release|x64.Build.0 = Release|Any CPU
		{E581D156-EA01-474E-863A-7D8F7BF9C531}.Release|x64.Deploy.0 = Release|Any CPU
		{E581D156-EA01-474E-863A-7D8F7BF9C531}.Release|x86.ActiveCfg = Release|x86
		{E581D156-EA01-474E-863A-7D8F7BF9C531}.Release|x86.Build.0 = Release|x86
		{E581D156-EA01-474E-863A-7D8F7BF9C531}.Release|x86.Deploy.0 = Release|x86
		{F6217F30-E0FC-427E-A5F2-67C2EA20E461}.Debug|Any CPU.ActiveCfg = Debug|Any CPU
		{F6217F30-E0FC-427E-A5F2-67C2EA20E461}.Debug|Any CPU.Build.0 = Debug|Any CPU
		{F6217F30-E0FC-427E-A5F2-67C2EA20E461}.Debug|Any CPU.Deploy.0 = Debug|Any CPU
		{F6217F30-E0FC-427E-A5F2-67C2EA20E461}.Debug|ARM.ActiveCfg = Debug|ARM
		{F6217F30-E0FC-427E-A5F2-67C2EA20E461}.Debug|ARM.Build.0 = Debug|ARM
		{F6217F30-E0FC-427E-A5F2-67C2EA20E461}.Debug|ARM.Deploy.0 = Debug|ARM
		{F6217F30-E0FC-427E-A5F2-67C2EA20E461}.Debug|x64.ActiveCfg = Debug|Any CPU
		{F6217F30-E0FC-427E-A5F2-67C2EA20E461}.Debug|x64.Build.0 = Debug|Any CPU
		{F6217F30-E0FC-427E-A5F2-67C2EA20E461}.Debug|x64.Deploy.0 = Debug|Any CPU
		{F6217F30-E0FC-427E-A5F2-67C2EA20E461}.Debug|x86.ActiveCfg = Debug|x86
		{F6217F30-E0FC-427E-A5F2-67C2EA20E461}.Debug|x86.Build.0 = Debug|x86
		{F6217F30-E0FC-427E-A5F2-67C2EA20E461}.Debug|x86.Deploy.0 = Debug|x86
		{F6217F30-E0FC-427E-A5F2-67C2EA20E461}.Release|Any CPU.ActiveCfg = Release|Any CPU
		{F6217F30-E0FC-427E-A5F2-67C2EA20E461}.Release|Any CPU.Build.0 = Release|Any CPU
		{F6217F30-E0FC-427E-A5F2-67C2EA20E461}.Release|Any CPU.Deploy.0 = Release|Any CPU
		{F6217F30-E0FC-427E-A5F2-67C2EA20E461}.Release|ARM.ActiveCfg = Release|ARM
		{F6217F30-E0FC-427E-A5F2-67C2EA20E461}.Release|ARM.Build.0 = Release|ARM
		{F6217F30-E0FC-427E-A5F2-67C2EA20E461}.Release|ARM.Deploy.0 = Release|ARM
		{F6217F30-E0FC-427E-A5F2-67C2EA20E461}.Release|x64.ActiveCfg = Release|Any CPU
		{F6217F30-E0FC-427E-A5F2-67C2EA20E461}.Release|x64.Build.0 = Release|Any CPU
		{F6217F30-E0FC-427E-A5F2-67C2EA20E461}.Release|x64.Deploy.0 = Release|Any CPU
		{F6217F30-E0FC-427E-A5F2-67C2EA20E461}.Release|x86.ActiveCfg = Release|x86
		{F6217F30-E0FC-427E-A5F2-67C2EA20E461}.Release|x86.Build.0 = Release|x86
		{F6217F30-E0FC-427E-A5F2-67C2EA20E461}.Release|x86.Deploy.0 = Release|x86
		{B538A13B-B72B-4E70-9ED4-135A7854A8BF}.Debug|Any CPU.ActiveCfg = Debug|Any CPU
		{B538A13B-B72B-4E70-9ED4-135A7854A8BF}.Debug|Any CPU.Build.0 = Debug|Any CPU
		{B538A13B-B72B-4E70-9ED4-135A7854A8BF}.Debug|Any CPU.Deploy.0 = Debug|Any CPU
		{B538A13B-B72B-4E70-9ED4-135A7854A8BF}.Debug|ARM.ActiveCfg = Debug|ARM
		{B538A13B-B72B-4E70-9ED4-135A7854A8BF}.Debug|ARM.Build.0 = Debug|ARM
		{B538A13B-B72B-4E70-9ED4-135A7854A8BF}.Debug|ARM.Deploy.0 = Debug|ARM
		{B538A13B-B72B-4E70-9ED4-135A7854A8BF}.Debug|x64.ActiveCfg = Debug|Any CPU
		{B538A13B-B72B-4E70-9ED4-135A7854A8BF}.Debug|x64.Build.0 = Debug|Any CPU
		{B538A13B-B72B-4E70-9ED4-135A7854A8BF}.Debug|x64.Deploy.0 = Debug|Any CPU
		{B538A13B-B72B-4E70-9ED4-135A7854A8BF}.Debug|x86.ActiveCfg = Debug|x86
		{B538A13B-B72B-4E70-9ED4-135A7854A8BF}.Debug|x86.Build.0 = Debug|x86
		{B538A13B-B72B-4E70-9ED4-135A7854A8BF}.Debug|x86.Deploy.0 = Debug|x86
		{B538A13B-B72B-4E70-9ED4-135A7854A8BF}.Release|Any CPU.ActiveCfg = Release|Any CPU
		{B538A13B-B72B-4E70-9ED4-135A7854A8BF}.Release|Any CPU.Build.0 = Release|Any CPU
		{B538A13B-B72B-4E70-9ED4-135A7854A8BF}.Release|Any CPU.Deploy.0 = Release|Any CPU
		{B538A13B-B72B-4E70-9ED4-135A7854A8BF}.Release|ARM.ActiveCfg = Release|ARM
		{B538A13B-B72B-4E70-9ED4-135A7854A8BF}.Release|ARM.Build.0 = Release|ARM
		{B538A13B-B72B-4E70-9ED4-135A7854A8BF}.Release|ARM.Deploy.0 = Release|ARM
		{B538A13B-B72B-4E70-9ED4-135A7854A8BF}.Release|x64.ActiveCfg = Release|Any CPU
		{B538A13B-B72B-4E70-9ED4-135A7854A8BF}.Release|x64.Build.0 = Release|Any CPU
		{B538A13B-B72B-4E70-9ED4-135A7854A8BF}.Release|x64.Deploy.0 = Release|Any CPU
		{B538A13B-B72B-4E70-9ED4-135A7854A8BF}.Release|x86.ActiveCfg = Release|x86
		{B538A13B-B72B-4E70-9ED4-135A7854A8BF}.Release|x86.Build.0 = Release|x86
		{B538A13B-B72B-4E70-9ED4-135A7854A8BF}.Release|x86.Deploy.0 = Release|x86
		{F98D401A-0EA2-4241-A9B0-1D5886B931DD}.Debug|Any CPU.ActiveCfg = Debug|Any CPU
		{F98D401A-0EA2-4241-A9B0-1D5886B931DD}.Debug|Any CPU.Build.0 = Debug|Any CPU
		{F98D401A-0EA2-4241-A9B0-1D5886B931DD}.Debug|Any CPU.Deploy.0 = Debug|Any CPU
		{F98D401A-0EA2-4241-A9B0-1D5886B931DD}.Debug|ARM.ActiveCfg = Debug|ARM
		{F98D401A-0EA2-4241-A9B0-1D5886B931DD}.Debug|ARM.Build.0 = Debug|ARM
		{F98D401A-0EA2-4241-A9B0-1D5886B931DD}.Debug|ARM.Deploy.0 = Debug|ARM
		{F98D401A-0EA2-4241-A9B0-1D5886B931DD}.Debug|x64.ActiveCfg = Debug|Any CPU
		{F98D401A-0EA2-4241-A9B0-1D5886B931DD}.Debug|x64.Build.0 = Debug|Any CPU
		{F98D401A-0EA2-4241-A9B0-1D5886B931DD}.Debug|x64.Deploy.0 = Debug|Any CPU
		{F98D401A-0EA2-4241-A9B0-1D5886B931DD}.Debug|x86.ActiveCfg = Debug|x86
		{F98D401A-0EA2-4241-A9B0-1D5886B931DD}.Debug|x86.Build.0 = Debug|x86
		{F98D401A-0EA2-4241-A9B0-1D5886B931DD}.Debug|x86.Deploy.0 = Debug|x86
		{F98D401A-0EA2-4241-A9B0-1D5886B931DD}.Release|Any CPU.ActiveCfg = Release|Any CPU
		{F98D401A-0EA2-4241-A9B0-1D5886B931DD}.Release|Any CPU.Build.0 = Release|Any CPU
		{F98D401A-0EA2-4241-A9B0-1D5886B931DD}.Release|Any CPU.Deploy.0 = Release|Any CPU
		{F98D401A-0EA2-4241-A9B0-1D5886B931DD}.Release|ARM.ActiveCfg = Release|ARM
		{F98D401A-0EA2-4241-A9B0-1D5886B931DD}.Release|ARM.Build.0 = Release|ARM
		{F98D401A-0EA2-4241-A9B0-1D5886B931DD}.Release|ARM.Deploy.0 = Release|ARM
		{F98D401A-0EA2-4241-A9B0-1D5886B931DD}.Release|x64.ActiveCfg = Release|Any CPU
		{F98D401A-0EA2-4241-A9B0-1D5886B931DD}.Release|x64.Build.0 = Release|Any CPU
		{F98D401A-0EA2-4241-A9B0-1D5886B931DD}.Release|x64.Deploy.0 = Release|Any CPU
		{F98D401A-0EA2-4241-A9B0-1D5886B931DD}.Release|x86.ActiveCfg = Release|x86
		{F98D401A-0EA2-4241-A9B0-1D5886B931DD}.Release|x86.Build.0 = Release|x86
		{F98D401A-0EA2-4241-A9B0-1D5886B931DD}.Release|x86.Deploy.0 = Release|x86
		{510B105B-DFE4-40CC-8495-AC82C80C1B79}.Debug|Any CPU.ActiveCfg = Debug|Any CPU
		{510B105B-DFE4-40CC-8495-AC82C80C1B79}.Debug|Any CPU.Build.0 = Debug|Any CPU
		{510B105B-DFE4-40CC-8495-AC82C80C1B79}.Debug|Any CPU.Deploy.0 = Debug|Any CPU
		{510B105B-DFE4-40CC-8495-AC82C80C1B79}.Debug|ARM.ActiveCfg = Debug|ARM
		{510B105B-DFE4-40CC-8495-AC82C80C1B79}.Debug|ARM.Build.0 = Debug|ARM
		{510B105B-DFE4-40CC-8495-AC82C80C1B79}.Debug|ARM.Deploy.0 = Debug|ARM
		{510B105B-DFE4-40CC-8495-AC82C80C1B79}.Debug|x64.ActiveCfg = Debug|Any CPU
		{510B105B-DFE4-40CC-8495-AC82C80C1B79}.Debug|x64.Build.0 = Debug|Any CPU
		{510B105B-DFE4-40CC-8495-AC82C80C1B79}.Debug|x64.Deploy.0 = Debug|Any CPU
		{510B105B-DFE4-40CC-8495-AC82C80C1B79}.Debug|x86.ActiveCfg = Debug|x86
		{510B105B-DFE4-40CC-8495-AC82C80C1B79}.Debug|x86.Build.0 = Debug|x86
		{510B105B-DFE4-40CC-8495-AC82C80C1B79}.Debug|x86.Deploy.0 = Debug|x86
		{510B105B-DFE4-40CC-8495-AC82C80C1B79}.Release|Any CPU.ActiveCfg = Release|Any CPU
		{510B105B-DFE4-40CC-8495-AC82C80C1B79}.Release|Any CPU.Build.0 = Release|Any CPU
		{510B105B-DFE4-40CC-8495-AC82C80C1B79}.Release|Any CPU.Deploy.0 = Release|Any CPU
		{510B105B-DFE4-40CC-8495-AC82C80C1B79}.Release|ARM.ActiveCfg = Release|ARM
		{510B105B-DFE4-40CC-8495-AC82C80C1B79}.Release|ARM.Build.0 = Release|ARM
		{510B105B-DFE4-40CC-8495-AC82C80C1B79}.Release|ARM.Deploy.0 = Release|ARM
		{510B105B-DFE4-40CC-8495-AC82C80C1B79}.Release|x64.ActiveCfg = Release|Any CPU
		{510B105B-DFE4-40CC-8495-AC82C80C1B79}.Release|x64.Build.0 = Release|Any CPU
		{510B105B-DFE4-40CC-8495-AC82C80C1B79}.Release|x64.Deploy.0 = Release|Any CPU
		{510B105B-DFE4-40CC-8495-AC82C80C1B79}.Release|x86.ActiveCfg = Release|x86
		{510B105B-DFE4-40CC-8495-AC82C80C1B79}.Release|x86.Build.0 = Release|x86
		{510B105B-DFE4-40CC-8495-AC82C80C1B79}.Release|x86.Deploy.0 = Release|x86
		{807E7A44-B1F3-4043-9728-F612448A55D3}.Debug|Any CPU.ActiveCfg = Debug|Any CPU
		{807E7A44-B1F3-4043-9728-F612448A55D3}.Debug|Any CPU.Build.0 = Debug|Any CPU
		{807E7A44-B1F3-4043-9728-F612448A55D3}.Debug|Any CPU.Deploy.0 = Debug|Any CPU
		{807E7A44-B1F3-4043-9728-F612448A55D3}.Debug|ARM.ActiveCfg = Debug|ARM
		{807E7A44-B1F3-4043-9728-F612448A55D3}.Debug|ARM.Build.0 = Debug|ARM
		{807E7A44-B1F3-4043-9728-F612448A55D3}.Debug|ARM.Deploy.0 = Debug|ARM
		{807E7A44-B1F3-4043-9728-F612448A55D3}.Debug|x64.ActiveCfg = Debug|Any CPU
		{807E7A44-B1F3-4043-9728-F612448A55D3}.Debug|x64.Build.0 = Debug|Any CPU
		{807E7A44-B1F3-4043-9728-F612448A55D3}.Debug|x64.Deploy.0 = Debug|Any CPU
		{807E7A44-B1F3-4043-9728-F612448A55D3}.Debug|x86.ActiveCfg = Debug|x86
		{807E7A44-B1F3-4043-9728-F612448A55D3}.Debug|x86.Build.0 = Debug|x86
		{807E7A44-B1F3-4043-9728-F612448A55D3}.Debug|x86.Deploy.0 = Debug|x86
		{807E7A44-B1F3-4043-9728-F612448A55D3}.Release|Any CPU.ActiveCfg = Release|Any CPU
		{807E7A44-B1F3-4043-9728-F612448A55D3}.Release|Any CPU.Build.0 = Release|Any CPU
		{807E7A44-B1F3-4043-9728-F612448A55D3}.Release|Any CPU.Deploy.0 = Release|Any CPU
		{807E7A44-B1F3-4043-9728-F612448A55D3}.Release|ARM.ActiveCfg = Release|ARM
		{807E7A44-B1F3-4043-9728-F612448A55D3}.Release|ARM.Build.0 = Release|ARM
		{807E7A44-B1F3-4043-9728-F612448A55D3}.Release|ARM.Deploy.0 = Release|ARM
		{807E7A44-B1F3-4043-9728-F612448A55D3}.Release|x64.ActiveCfg = Release|Any CPU
		{807E7A44-B1F3-4043-9728-F612448A55D3}.Release|x64.Build.0 = Release|Any CPU
		{807E7A44-B1F3-4043-9728-F612448A55D3}.Release|x64.Deploy.0 = Release|Any CPU
		{807E7A44-B1F3-4043-9728-F612448A55D3}.Release|x86.ActiveCfg = Release|x86
		{807E7A44-B1F3-4043-9728-F612448A55D3}.Release|x86.Build.0 = Release|x86
		{807E7A44-B1F3-4043-9728-F612448A55D3}.Release|x86.Deploy.0 = Release|x86
		{A398E7FF-CE32-40F0-AC12-FC9C9353F86B}.Debug|Any CPU.ActiveCfg = Debug|x86
		{A398E7FF-CE32-40F0-AC12-FC9C9353F86B}.Debug|ARM.ActiveCfg = Debug|ARM
		{A398E7FF-CE32-40F0-AC12-FC9C9353F86B}.Debug|ARM.Build.0 = Debug|ARM
		{A398E7FF-CE32-40F0-AC12-FC9C9353F86B}.Debug|ARM.Deploy.0 = Debug|ARM
		{A398E7FF-CE32-40F0-AC12-FC9C9353F86B}.Debug|x64.ActiveCfg = Debug|x64
		{A398E7FF-CE32-40F0-AC12-FC9C9353F86B}.Debug|x64.Build.0 = Debug|x64
		{A398E7FF-CE32-40F0-AC12-FC9C9353F86B}.Debug|x64.Deploy.0 = Debug|x64
		{A398E7FF-CE32-40F0-AC12-FC9C9353F86B}.Debug|x86.ActiveCfg = Debug|x86
		{A398E7FF-CE32-40F0-AC12-FC9C9353F86B}.Debug|x86.Build.0 = Debug|x86
		{A398E7FF-CE32-40F0-AC12-FC9C9353F86B}.Debug|x86.Deploy.0 = Debug|x86
		{A398E7FF-CE32-40F0-AC12-FC9C9353F86B}.Release|Any CPU.ActiveCfg = Release|x86
		{A398E7FF-CE32-40F0-AC12-FC9C9353F86B}.Release|ARM.ActiveCfg = Release|ARM
		{A398E7FF-CE32-40F0-AC12-FC9C9353F86B}.Release|ARM.Build.0 = Release|ARM
		{A398E7FF-CE32-40F0-AC12-FC9C9353F86B}.Release|ARM.Deploy.0 = Release|ARM
		{A398E7FF-CE32-40F0-AC12-FC9C9353F86B}.Release|x64.ActiveCfg = Release|x64
		{A398E7FF-CE32-40F0-AC12-FC9C9353F86B}.Release|x64.Build.0 = Release|x64
		{A398E7FF-CE32-40F0-AC12-FC9C9353F86B}.Release|x64.Deploy.0 = Release|x64
		{A398E7FF-CE32-40F0-AC12-FC9C9353F86B}.Release|x86.ActiveCfg = Release|x86
		{A398E7FF-CE32-40F0-AC12-FC9C9353F86B}.Release|x86.Build.0 = Release|x86
		{A398E7FF-CE32-40F0-AC12-FC9C9353F86B}.Release|x86.Deploy.0 = Release|x86
	EndGlobalSection
	GlobalSection(SolutionProperties) = preSolution
		HideSolutionNode = FALSE
	EndGlobalSection
EndGlobal
